PODS:
  - AMap3DMap-NO-IDFA (7.6.0):
    - AMapFoundation-NO-IDFA (~> 1.6.3)
  - amap_core_fluttify (0.0.1):
    - AMapFoundation-NO-IDFA (~> 1.6.4)
    - Flutter
    - foundation_fluttify
  - amap_location_fluttify (0.0.1):
    - amap_core_fluttify
    - AMapLocation-NO-IDFA (= 2.6.7)
    - Flutter
    - foundation_fluttify
  - amap_map_fluttify (0.0.1):
    - AMap3DMap-NO-IDFA (= 7.6.0)
    - amap_core_fluttify
    - amap_location_fluttify
    - amap_search_fluttify
    - Flutter
    - foundation_fluttify
    - url_launcher
  - amap_search_fluttify (0.0.1):
    - amap_core_fluttify
    - AMapSearch-NO-IDFA (~> 7.3.0)
    - Flutter
    - foundation_fluttify
  - AMapFoundation-NO-IDFA (1.6.5.1)
  - AMapLocation-NO-IDFA (2.6.7):
    - AMapFoundation-NO-IDFA (~> 1.6.4)
  - AMapSearch-NO-IDFA (7.3.0):
    - AMapFoundation-NO-IDFA (~> 1.6.3)
  - core_location_fluttify (0.0.1):
    - Flutter
    - foundation_fluttify
  - device_info (0.0.1):
    - Flutter
  - Flutter (1.0.0)
  - foundation_fluttify (0.0.1):
    - Flutter
  - image_picker (0.0.1):
    - Flutter
  - JCore (2.4.0)
  - JPush (3.4.0):
    - JCore (< 3.0.0, >= 2.0.0)
  - jpush_flutter (0.0.2):
    - Flutter
    - JCore (= 2.4.0)
    - JPush (= 3.4.0)
  - MTBBarcodeScanner (5.0.11)
  - package_info (0.0.1):
    - Flutter
  - path_provider (0.0.1):
    - Flutter
  - "permission_handler (5.0.1+1)":
    - Flutter
  - qr_code_scanner (0.2.0):
    - Flutter
    - MTBBarcodeScanner
  - url_launcher (0.0.1):
    - Flutter

DEPENDENCIES:
  - amap_core_fluttify (from `.symlinks/plugins/amap_core_fluttify/ios`)
  - amap_location_fluttify (from `.symlinks/plugins/amap_location_fluttify/ios`)
  - amap_map_fluttify (from `.symlinks/plugins/amap_map_fluttify/ios`)
  - amap_search_fluttify (from `.symlinks/plugins/amap_search_fluttify/ios`)
  - core_location_fluttify (from `.symlinks/plugins/core_location_fluttify/ios`)
  - device_info (from `.symlinks/plugins/device_info/ios`)
  - Flutter (from `Flutter`)
  - foundation_fluttify (from `.symlinks/plugins/foundation_fluttify/ios`)
  - image_picker (from `.symlinks/plugins/image_picker/ios`)
  - jpush_flutter (from `.symlinks/plugins/jpush_flutter/ios`)
  - package_info (from `.symlinks/plugins/package_info/ios`)
  - path_provider (from `.symlinks/plugins/path_provider/ios`)
  - permission_handler (from `.symlinks/plugins/permission_handler/ios`)
  - qr_code_scanner (from `.symlinks/plugins/qr_code_scanner/ios`)
  - url_launcher (from `.symlinks/plugins/url_launcher/ios`)

SPEC REPOS:
  trunk:
    - AMap3DMap-NO-IDFA
    - AMapFoundation-NO-IDFA
    - AMapLocation-NO-IDFA
    - AMapSearch-NO-IDFA
    - JCore
    - JPush
    - MTBBarcodeScanner

EXTERNAL SOURCES:
  amap_core_fluttify:
    :path: ".symlinks/plugins/amap_core_fluttify/ios"
  amap_location_fluttify:
    :path: ".symlinks/plugins/amap_location_fluttify/ios"
  amap_map_fluttify:
    :path: ".symlinks/plugins/amap_map_fluttify/ios"
  amap_search_fluttify:
    :path: ".symlinks/plugins/amap_search_fluttify/ios"
  core_location_fluttify:
    :path: ".symlinks/plugins/core_location_fluttify/ios"
  device_info:
    :path: ".symlinks/plugins/device_info/ios"
  Flutter:
    :path: Flutter
  foundation_fluttify:
    :path: ".symlinks/plugins/foundation_fluttify/ios"
  image_picker:
    :path: ".symlinks/plugins/image_picker/ios"
  jpush_flutter:
    :path: ".symlinks/plugins/jpush_flutter/ios"
  package_info:
    :path: ".symlinks/plugins/package_info/ios"
  path_provider:
    :path: ".symlinks/plugins/path_provider/ios"
  permission_handler:
    :path: ".symlinks/plugins/permission_handler/ios"
  qr_code_scanner:
    :path: ".symlinks/plugins/qr_code_scanner/ios"
  url_launcher:
    :path: ".symlinks/plugins/url_launcher/ios"

SPEC CHECKSUMS:
  AMap3DMap-NO-IDFA: 5e5b483ef230d1bed6c8d989d36254a66c67a6fc
  amap_core_fluttify: 832331914f028c32aebf1dab23474a82aff828e8
  amap_location_fluttify: baa3007e3f215456ab2ea2f4ccccf5bc1a9a164b
  amap_map_fluttify: 6b64256d6ccea7813e1b6423fcf7b5ef10d3c984
  amap_search_fluttify: f83f950b4f8e8688bc8b100684c33868335f2e06
  AMapFoundation-NO-IDFA: 0cf5f6c6de2725bcd868ed5aa756d12bc1a8f463
  AMapLocation-NO-IDFA: 2a3edfee336b38481b892e1ecc85df0f6b365851
  AMapSearch-NO-IDFA: 85555dc9ba312949d39a259baa4ef4e0619fa944
  core_location_fluttify: 9466a411ea7d22c6349c7e6a767ae4623f01eb1d
  device_info: d7d233b645a32c40dfdc212de5cf646ca482f175
  Flutter: 434fef37c0980e73bb6479ef766c45957d4b510c
  foundation_fluttify: 0c45145e3fad1fb99188e4979daed5b24cd9b278
  image_picker: 9c3312491f862b28d21ecd8fdf0ee14e601b3f09
  JCore: a29e4b0ee54e1301446dc02d8e1c350404108b34
  JPush: defaa108c38806f6efdcfaf4c416854d25fca8e5
  jpush_flutter: 364b245849348e05377d67295d0896ddd664a896
  MTBBarcodeScanner: f453b33c4b7dfe545d8c6484ed744d55671788cb
  package_info: 873975fc26034f0b863a300ad47e7f1ac6c7ec62
  path_provider: abfe2b5c733d04e238b0d8691db0cfd63a27a93c
  permission_handler: eac8e15b4a1a3fba55b761d19f3f4e6b005d15b6
  qr_code_scanner: bb67d64904c3b9658ada8c402e8b4d406d5d796e
  url_launcher: 6fef411d543ceb26efce54b05a0a40bfd74cbbef

PODFILE CHECKSUM: aafe91acc616949ddb318b77800a7f51bffa2a4c

COCOAPODS: 1.10.1
